
Microsoft Visual Studio Solution File, Format Version 12.00
# Visual Studio Version 17
VisualStudioVersion = 17.12.35527.113 d17.12
MinimumVisualStudioVersion = 10.0.40219.1
Project("{FAE04EC0-301F-11D3-BF4B-00C04F79EFBC}") = "DocumentManagement", "DocumentManagement\DocumentManagement.csproj", "{CEEF6225-BE54-4058-8A1C-FEE5DD5542BC}"
EndProject
Global
	GlobalSection(SolutionConfigurationPlatforms) = preSolution
		Debug|Any CPU = Debug|Any CPU
		Release|Any CPU = Release|Any CPU
	EndGlobalSection
	GlobalSection(ProjectConfigurationPlatforms) = postSolution
		{CEEF6225-BE54-4058-8A1C-FEE5DD5542BC}.Debug|Any CPU.ActiveCfg = Debug|Any CPU
		{CEEF6225-BE54-4058-8A1C-FEE5DD5542BC}.Debug|Any CPU.Build.0 = Debug|Any CPU
		{CEEF6225-BE54-4058-8A1C-FEE5DD5542BC}.Release|Any CPU.ActiveCfg = Release|Any CPU
		{CEEF6225-BE54-4058-8A1C-FEE5DD5542BC}.Release|Any CPU.Build.0 = Release|Any CPU
	EndGlobalSection
	GlobalSection(SolutionProperties) = preSolution
		HideSolutionNode = FALSE
	EndGlobalSection
EndGlobal
